
Microsoft Visual Studio Solution File, Format Version 12.00
# Visual Studio Version 16
VisualStudioVersion = 16.0.30907.101
MinimumVisualStudioVersion = 10.0.40219.1
Project("{FAE04EC0-301F-11D3-BF4B-00C04F79EFBC}") = "AreArraysEqual", "AreArraysEqual.csproj", "{D1F464E3-1757-4156-9B1F-21CD1123C799}"
EndProject
Global
	GlobalSection(SolutionConfigurationPlatforms) = preSolution
		Debug|Any CPU = Debug|Any CPU
		Release|Any CPU = Release|Any CPU
	EndGlobalSection
	GlobalSection(ProjectConfigurationPlatforms) = postSolution
		{D1F464E3-1757-4156-9B1F-21CD1123C799}.Debug|Any CPU.ActiveCfg = Debug|Any CPU
		{D1F464E3-1757-4156-9B1F-21CD1123C799}.Debug|Any CPU.Build.0 = Debug|Any CPU
		{D1F464E3-1757-4156-9B1F-21CD1123C799}.Release|Any CPU.ActiveCfg = Release|Any CPU
		{D1F464E3-1757-4156-9B1F-21CD1123C799}.Release|Any CPU.Build.0 = Release|Any CPU
	EndGlobalSection
	GlobalSection(SolutionProperties) = preSolution
		HideSolutionNode = FALSE
	EndGlobalSection
	GlobalSection(ExtensibilityGlobals) = postSolution
		SolutionGuid = {E102EC61-81BF-4651-9094-B66BAE54EFF2}
	EndGlobalSection
EndGlobal
